
Microsoft Visual Studio Solution File, Format Version 12.00
# Visual Studio Version 17
VisualStudioVersion = 17.9.34728.123
MinimumVisualStudioVersion = 10.0.40219.1
Project("{FAE04EC0-301F-11D3-BF4B-00C04F79EFBC}") = "KMS2_02_LE_01_01", "KMS2_02_LE_01_01\KMS2_02_LE_01_01.csproj", "{7B5678DF-DC31-4571-97F3-B1E848C341FF}"
EndProject
Global
	GlobalSection(SolutionConfigurationPlatforms) = preSolution
		Debug|Any CPU = Debug|Any CPU
		Release|Any CPU = Release|Any CPU
	EndGlobalSection
	GlobalSection(ProjectConfigurationPlatforms) = postSolution
		{7B5678DF-DC31-4571-97F3-B1E848C341FF}.Debug|Any CPU.ActiveCfg = Debug|Any CPU
		{7B5678DF-DC31-4571-97F3-B1E848C341FF}.Debug|Any CPU.Build.0 = Debug|Any CPU
		{7B5678DF-DC31-4571-97F3-B1E848C341FF}.Release|Any CPU.ActiveCfg = Release|Any CPU
		{7B5678DF-DC31-4571-97F3-B1E848C341FF}.Release|Any CPU.Build.0 = Release|Any CPU
	EndGlobalSection
	GlobalSection(SolutionProperties) = preSolution
		HideSolutionNode = FALSE
	EndGlobalSection
	GlobalSection(ExtensibilityGlobals) = postSolution
		SolutionGuid = {9D517C63-51ED-4160-A398-5AFD672829D2}
	EndGlobalSection
EndGlobal
